
Microsoft Visual Studio Solution File, Format Version 12.00
# Visual Studio Version 17
VisualStudioVersion = 17.4.33103.184
MinimumVisualStudioVersion = 10.0.40219.1
Project("{8BC9CEB8-8B4A-11D0-8D11-00A0C91BC942}") = "Practica6Objetos", "Practica6Objetos\Practica6Objetos.vcxproj", "{4953F055-0D38-4949-87EB-343B1B62CE66}"
EndProject
Global
	GlobalSection(SolutionConfigurationPlatforms) = preSolution
		Debug|x64 = Debug|x64
		Debug|x86 = Debug|x86
		Release|x64 = Release|x64
		Release|x86 = Release|x86
	EndGlobalSection
	GlobalSection(ProjectConfigurationPlatforms) = postSolution
		{4953F055-0D38-4949-87EB-343B1B62CE66}.Debug|x64.ActiveCfg = Debug|x64
		{4953F055-0D38-4949-87EB-343B1B62CE66}.Debug|x64.Build.0 = Debug|x64
		{4953F055-0D38-4949-87EB-343B1B62CE66}.Debug|x86.ActiveCfg = Debug|Win32
		{4953F055-0D38-4949-87EB-343B1B62CE66}.Debug|x86.Build.0 = Debug|Win32
		{4953F055-0D38-4949-87EB-343B1B62CE66}.Release|x64.ActiveCfg = Release|x64
		{4953F055-0D38-4949-87EB-343B1B62CE66}.Release|x64.Build.0 = Release|x64
		{4953F055-0D38-4949-87EB-343B1B62CE66}.Release|x86.ActiveCfg = Release|Win32
		{4953F055-0D38-4949-87EB-343B1B62CE66}.Release|x86.Build.0 = Release|Win32
	EndGlobalSection
	GlobalSection(SolutionProperties) = preSolution
		HideSolutionNode = FALSE
	EndGlobalSection
	GlobalSection(ExtensibilityGlobals) = postSolution
		SolutionGuid = {828D832E-451D-4DA5-AE0C-05CD3E021109}
	EndGlobalSection
EndGlobal
